
Microsoft Visual Studio Solution File, Format Version 12.00
# Visual Studio Version 16
VisualStudioVersion = 16.0.30104.148
MinimumVisualStudioVersion = 10.0.40219.1
Project("{9A19103F-16F7-4668-BE54-9A1E7A4F7556}") = "Linq2dbTool", "Linq2dbTool\Linq2dbTool.csproj", "{8E3E3CF0-0B62-46DB-89F3-F1BE720C93F9}"
EndProject
Project("{9A19103F-16F7-4668-BE54-9A1E7A4F7556}") = "Linq2dbDemo", "Linq2dbDemo\Linq2dbDemo.csproj", "{39CE8529-FCE4-41B1-A90A-4A1A7300143F}"
EndProject
Project("{9A19103F-16F7-4668-BE54-9A1E7A4F7556}") = "AutoFacDemo", "AutoFacDemo\AutoFacDemo.csproj", "{28D8E974-C790-4F03-AD14-A1F5CD069865}"
EndProject
Project("{9A19103F-16F7-4668-BE54-9A1E7A4F7556}") = "MyWebApplication", "MyWebApplication\MyWebApplication.csproj", "{0AFBDAE7-D835-4EB9-9954-672054DDB14A}"
EndProject
Project("{FAE04EC0-301F-11D3-BF4B-00C04F79EFBC}") = "MyWebDotNetFramework", "MyWebDotNetFramework\MyWebDotNetFramework.csproj", "{CB6ECBF2-4042-47C8-95C0-91F121099796}"
EndProject
Project("{FAE04EC0-301F-11D3-BF4B-00C04F79EFBC}") = "Web47", "Web47\Web47.csproj", "{F637B64A-89C2-4C17-AECB-E6C250F97E34}"
EndProject
Project("{9A19103F-16F7-4668-BE54-9A1E7A4F7556}") = "Core", "Core\Core.csproj", "{7525B66E-2F9C-4269-8009-43489C982EF0}"
EndProject
Project("{9A19103F-16F7-4668-BE54-9A1E7A4F7556}") = "CoreApi", "CoreApi\CoreApi.csproj", "{CB317624-09FC-45EA-990B-18629C18445A}"
EndProject
Project("{9A19103F-16F7-4668-BE54-9A1E7A4F7556}") = "CoreWeb", "CoreWeb\CoreWeb.csproj", "{83290EDC-9FC6-4C41-A691-DA73608AAF0C}"
EndProject
Project("{9A19103F-16F7-4668-BE54-9A1E7A4F7556}") = "CoreMvc", "CoreMvc\CoreMvc.csproj", "{10599CA1-DAF7-4D90-8AD4-5035587150B6}"
EndProject
Project("{FAE04EC0-301F-11D3-BF4B-00C04F79EFBC}") = "Mvc48", "Mvc48\Mvc48.csproj", "{FF0561F0-430E-43CB-B4FF-16C156126AC3}"
EndProject
Project("{FAE04EC0-301F-11D3-BF4B-00C04F79EFBC}") = "CleanConfig", "CleanConfig\CleanConfig.csproj", "{1A32060D-CA3C-4F0A-B917-AFAE7F93345A}"
EndProject
Project("{FAE04EC0-301F-11D3-BF4B-00C04F79EFBC}") = "FileTool", "FileTool\FileTool.csproj", "{78DB9D88-5359-4325-B684-12CDFC589B97}"
EndProject
Global
	GlobalSection(SolutionConfigurationPlatforms) = preSolution
		Debug|Any CPU = Debug|Any CPU
		Release|Any CPU = Release|Any CPU
	EndGlobalSection
	GlobalSection(ProjectConfigurationPlatforms) = postSolution
		{8E3E3CF0-0B62-46DB-89F3-F1BE720C93F9}.Debug|Any CPU.ActiveCfg = Debug|Any CPU
		{8E3E3CF0-0B62-46DB-89F3-F1BE720C93F9}.Debug|Any CPU.Build.0 = Debug|Any CPU
		{8E3E3CF0-0B62-46DB-89F3-F1BE720C93F9}.Release|Any CPU.ActiveCfg = Release|Any CPU
		{8E3E3CF0-0B62-46DB-89F3-F1BE720C93F9}.Release|Any CPU.Build.0 = Release|Any CPU
		{39CE8529-FCE4-41B1-A90A-4A1A7300143F}.Debug|Any CPU.ActiveCfg = Debug|Any CPU
		{39CE8529-FCE4-41B1-A90A-4A1A7300143F}.Debug|Any CPU.Build.0 = Debug|Any CPU
		{39CE8529-FCE4-41B1-A90A-4A1A7300143F}.Release|Any CPU.ActiveCfg = Release|Any CPU
		{39CE8529-FCE4-41B1-A90A-4A1A7300143F}.Release|Any CPU.Build.0 = Release|Any CPU
		{28D8E974-C790-4F03-AD14-A1F5CD069865}.Debug|Any CPU.ActiveCfg = Debug|Any CPU
		{28D8E974-C790-4F03-AD14-A1F5CD069865}.Debug|Any CPU.Build.0 = Debug|Any CPU
		{28D8E974-C790-4F03-AD14-A1F5CD069865}.Release|Any CPU.ActiveCfg = Release|Any CPU
		{28D8E974-C790-4F03-AD14-A1F5CD069865}.Release|Any CPU.Build.0 = Release|Any CPU
		{0AFBDAE7-D835-4EB9-9954-672054DDB14A}.Debug|Any CPU.ActiveCfg = Debug|Any CPU
		{0AFBDAE7-D835-4EB9-9954-672054DDB14A}.Debug|Any CPU.Build.0 = Debug|Any CPU
		{0AFBDAE7-D835-4EB9-9954-672054DDB14A}.Release|Any CPU.ActiveCfg = Release|Any CPU
		{0AFBDAE7-D835-4EB9-9954-672054DDB14A}.Release|Any CPU.Build.0 = Release|Any CPU
		{CB6ECBF2-4042-47C8-95C0-91F121099796}.Debug|Any CPU.ActiveCfg = Debug|Any CPU
		{CB6ECBF2-4042-47C8-95C0-91F121099796}.Debug|Any CPU.Build.0 = Debug|Any CPU
		{CB6ECBF2-4042-47C8-95C0-91F121099796}.Release|Any CPU.ActiveCfg = Release|Any CPU
		{CB6ECBF2-4042-47C8-95C0-91F121099796}.Release|Any CPU.Build.0 = Release|Any CPU
		{F637B64A-89C2-4C17-AECB-E6C250F97E34}.Debug|Any CPU.ActiveCfg = Debug|Any CPU
		{F637B64A-89C2-4C17-AECB-E6C250F97E34}.Release|Any CPU.ActiveCfg = Release|Any CPU
		{F637B64A-89C2-4C17-AECB-E6C250F97E34}.Release|Any CPU.Build.0 = Release|Any CPU
		{7525B66E-2F9C-4269-8009-43489C982EF0}.Debug|Any CPU.ActiveCfg = Debug|Any CPU
		{7525B66E-2F9C-4269-8009-43489C982EF0}.Debug|Any CPU.Build.0 = Debug|Any CPU
		{7525B66E-2F9C-4269-8009-43489C982EF0}.Release|Any CPU.ActiveCfg = Release|Any CPU
		{7525B66E-2F9C-4269-8009-43489C982EF0}.Release|Any CPU.Build.0 = Release|Any CPU
		{CB317624-09FC-45EA-990B-18629C18445A}.Debug|Any CPU.ActiveCfg = Debug|Any CPU
		{CB317624-09FC-45EA-990B-18629C18445A}.Debug|Any CPU.Build.0 = Debug|Any CPU
		{CB317624-09FC-45EA-990B-18629C18445A}.Release|Any CPU.ActiveCfg = Release|Any CPU
		{CB317624-09FC-45EA-990B-18629C18445A}.Release|Any CPU.Build.0 = Release|Any CPU
		{83290EDC-9FC6-4C41-A691-DA73608AAF0C}.Debug|Any CPU.ActiveCfg = Debug|Any CPU
		{83290EDC-9FC6-4C41-A691-DA73608AAF0C}.Debug|Any CPU.Build.0 = Debug|Any CPU
		{83290EDC-9FC6-4C41-A691-DA73608AAF0C}.Release|Any CPU.ActiveCfg = Release|Any CPU
		{83290EDC-9FC6-4C41-A691-DA73608AAF0C}.Release|Any CPU.Build.0 = Release|Any CPU
		{10599CA1-DAF7-4D90-8AD4-5035587150B6}.Debug|Any CPU.ActiveCfg = Debug|Any CPU
		{10599CA1-DAF7-4D90-8AD4-5035587150B6}.Debug|Any CPU.Build.0 = Debug|Any CPU
		{10599CA1-DAF7-4D90-8AD4-5035587150B6}.Release|Any CPU.ActiveCfg = Release|Any CPU
		{10599CA1-DAF7-4D90-8AD4-5035587150B6}.Release|Any CPU.Build.0 = Release|Any CPU
		{FF0561F0-430E-43CB-B4FF-16C156126AC3}.Debug|Any CPU.ActiveCfg = Debug|Any CPU
		{FF0561F0-430E-43CB-B4FF-16C156126AC3}.Debug|Any CPU.Build.0 = Debug|Any CPU
		{FF0561F0-430E-43CB-B4FF-16C156126AC3}.Release|Any CPU.ActiveCfg = Release|Any CPU
		{FF0561F0-430E-43CB-B4FF-16C156126AC3}.Release|Any CPU.Build.0 = Release|Any CPU
		{1A32060D-CA3C-4F0A-B917-AFAE7F93345A}.Debug|Any CPU.ActiveCfg = Debug|Any CPU
		{1A32060D-CA3C-4F0A-B917-AFAE7F93345A}.Debug|Any CPU.Build.0 = Debug|Any CPU
		{1A32060D-CA3C-4F0A-B917-AFAE7F93345A}.Release|Any CPU.ActiveCfg = Release|Any CPU
		{1A32060D-CA3C-4F0A-B917-AFAE7F93345A}.Release|Any CPU.Build.0 = Release|Any CPU
		{78DB9D88-5359-4325-B684-12CDFC589B97}.Debug|Any CPU.ActiveCfg = Debug|Any CPU
		{78DB9D88-5359-4325-B684-12CDFC589B97}.Debug|Any CPU.Build.0 = Debug|Any CPU
		{78DB9D88-5359-4325-B684-12CDFC589B97}.Release|Any CPU.ActiveCfg = Release|Any CPU
		{78DB9D88-5359-4325-B684-12CDFC589B97}.Release|Any CPU.Build.0 = Release|Any CPU
	EndGlobalSection
	GlobalSection(SolutionProperties) = preSolution
		HideSolutionNode = FALSE
	EndGlobalSection
	GlobalSection(ExtensibilityGlobals) = postSolution
		SolutionGuid = {E9E6338F-141C-45FB-A259-5BBEBD38C9C2}
	EndGlobalSection
EndGlobal
