
Microsoft Visual Studio Solution File, Format Version 12.00
# Visual Studio Version 16
VisualStudioVersion = 16.0.30104.148
MinimumVisualStudioVersion = 10.0.40219.1
Project("{FAE04EC0-301F-11D3-BF4B-00C04F79EFBC}") = "Linq2dbTool", "Linq2db\Linq2dbTool.csproj", "{58627D05-B0D2-4B76-A993-0BFE043CF0B0}"
EndProject
Project("{FAE04EC0-301F-11D3-BF4B-00C04F79EFBC}") = "Linq2dbDemo", "LearnLinq2dbDemo\Linq2dbDemo.csproj", "{7E1D0D32-4B72-4926-A65B-336404B46358}"
EndProject
Global
	GlobalSection(SolutionConfigurationPlatforms) = preSolution
		Debug|Any CPU = Debug|Any CPU
		Release|Any CPU = Release|Any CPU
	EndGlobalSection
	GlobalSection(ProjectConfigurationPlatforms) = postSolution
		{58627D05-B0D2-4B76-A993-0BFE043CF0B0}.Debug|Any CPU.ActiveCfg = Debug|Any CPU
		{58627D05-B0D2-4B76-A993-0BFE043CF0B0}.Debug|Any CPU.Build.0 = Debug|Any CPU
		{58627D05-B0D2-4B76-A993-0BFE043CF0B0}.Release|Any CPU.ActiveCfg = Release|Any CPU
		{58627D05-B0D2-4B76-A993-0BFE043CF0B0}.Release|Any CPU.Build.0 = Release|Any CPU
		{7E1D0D32-4B72-4926-A65B-336404B46358}.Debug|Any CPU.ActiveCfg = Debug|Any CPU
		{7E1D0D32-4B72-4926-A65B-336404B46358}.Debug|Any CPU.Build.0 = Debug|Any CPU
		{7E1D0D32-4B72-4926-A65B-336404B46358}.Release|Any CPU.ActiveCfg = Release|Any CPU
		{7E1D0D32-4B72-4926-A65B-336404B46358}.Release|Any CPU.Build.0 = Release|Any CPU
	EndGlobalSection
	GlobalSection(SolutionProperties) = preSolution
		HideSolutionNode = FALSE
	EndGlobalSection
	GlobalSection(ExtensibilityGlobals) = postSolution
		SolutionGuid = {E9E6338F-141C-45FB-A259-5BBEBD38C9C2}
	EndGlobalSection
EndGlobal
